
Microsoft Visual Studio Solution File, Format Version 12.00
# Visual Studio 2012
Project("{8BC9CEB8-8B4A-11D0-8D11-00A0C91BC942}") = "search_of_MNM_and_MDM", "search_of_MNM_and_MDM\search_of_MNM_and_MDM.vcxproj", "{D68FA156-CC45-41F0-8616-A0E7CE25735D}"
EndProject
Global
	GlobalSection(SolutionConfigurationPlatforms) = preSolution
		Debug|Win32 = Debug|Win32
		Release|Win32 = Release|Win32
	EndGlobalSection
	GlobalSection(ProjectConfigurationPlatforms) = postSolution
		{D68FA156-CC45-41F0-8616-A0E7CE25735D}.Debug|Win32.ActiveCfg = Debug|Win32
		{D68FA156-CC45-41F0-8616-A0E7CE25735D}.Debug|Win32.Build.0 = Debug|Win32
		{D68FA156-CC45-41F0-8616-A0E7CE25735D}.Release|Win32.ActiveCfg = Release|Win32
		{D68FA156-CC45-41F0-8616-A0E7CE25735D}.Release|Win32.Build.0 = Release|Win32
	EndGlobalSection
	GlobalSection(SolutionProperties) = preSolution
		HideSolutionNode = FALSE
	EndGlobalSection
EndGlobal
